{
    "_readme": [
        "This file locks the dependencies of your project to a known state",
        "Read more about it at https://getcomposer.org/doc/01-basic-usage.md#composer-lock-the-lock-file",
        "This file is @generated automatically"
    ],
    "hash": "15caf2b9390e54b2708e2913c8a95bcf",
    "content-hash": "df5cd4c65a4dad70b22cc16df27230e5",
    "packages": [
        {
            "name": "mishal/jwt",
            "version": "1.0.0",
            "source": {
                "type": "git",
                "url": "https://github.com/mishal/jwt.git",
                "reference": "9ada25065ce97ad74315a9348af36b159ee4f934"
            },
            "dist": {
                "type": "zip",
                "url": "https://api.github.com/repos/mishal/jwt/zipball/9ada25065ce97ad74315a9348af36b159ee4f934",
                "reference": "9ada25065ce97ad74315a9348af36b159ee4f934",
                "shasum": ""
            },
            "require": {
                "php": ">=5.4.0"
            },
            "type": "library",
            "extra": {
                "branch-alias": {
                    "dev-master": "1.0.x-dev"
                }
            },
            "autoload": {
                "files": [
                    "lib/functions.php"
                ],
                "psr-4": {
                    "Jwt\\": "lib/Jwt"
                }
            },
            "notification-url": "https://packagist.org/downloads/",
            "license": [
                "MIT"
            ],
            "description": "JWT - JSON Web Tokens",
            "keywords": [
                "json",
                "jwt",
                "wek token"
            ],
            "time": "2015-11-17 13:02:44"
        }
    ],
    "packages-dev": [],
    "aliases": [],
    "minimum-stability": "stable",
    "stability-flags": [],
    "prefer-stable": false,
    "prefer-lowest": false,
    "platform": [],
    "platform-dev": []
}
